
Microsoft Visual Studio Solution File, Format Version 12.00
# Visual Studio Version 16
VisualStudioVersion = 16.0.30413.136
MinimumVisualStudioVersion = 10.0.40219.1
Project("{FAE04EC0-301F-11D3-BF4B-00C04F79EFBC}") = "P01", "P01\P01.csproj", "{5DD34FD1-23FC-4EEB-8AFF-E9772F35ADE0}"
EndProject
Project("{FAE04EC0-301F-11D3-BF4B-00C04F79EFBC}") = "P02", "P02\P02.csproj", "{9D3D2AFA-1353-48C8-8FFF-C523123B79D8}"
EndProject
Project("{FAE04EC0-301F-11D3-BF4B-00C04F79EFBC}") = "P03", "P03\P03.csproj", "{19E15792-3AAE-438F-8979-A6FC3981774E}"
EndProject
Project("{9A19103F-16F7-4668-BE54-9A1E7A4F7556}") = "Library", "ClassLibrary1\Library.csproj", "{8688B7E2-946D-46BD-A378-E38BA0600801}"
EndProject
Project("{9A19103F-16F7-4668-BE54-9A1E7A4F7556}") = "PoleUtil", "PoleUtil\PoleUtil.csproj", "{C983C200-ECDF-4D06-BEDC-46117959A1DF}"
EndProject
Project("{FAE04EC0-301F-11D3-BF4B-00C04F79EFBC}") = "P04", "P04\P04.csproj", "{9F6A020A-BF60-4E2B-97CB-BA491690B222}"
EndProject
Project("{9A19103F-16F7-4668-BE54-9A1E7A4F7556}") = "MatematikaUtil", "MatematikaUtil\MatematikaUtil.csproj", "{C8023EE2-7737-4206-8208-A220BE07F76F}"
EndProject
Project("{FAE04EC0-301F-11D3-BF4B-00C04F79EFBC}") = "P05", "P05\P05.csproj", "{2D0ECC18-BF8C-4E42-82BD-F2B59F6FCB86}"
EndProject
Project("{FAE04EC0-301F-11D3-BF4B-00C04F79EFBC}") = "RetezecUtil", "RetezecUtil\RetezecUtil.csproj", "{AE04FDD3-267F-4605-AA29-578131BCB6F1}"
EndProject
Global
	GlobalSection(SolutionConfigurationPlatforms) = preSolution
		Debug|Any CPU = Debug|Any CPU
		Release|Any CPU = Release|Any CPU
	EndGlobalSection
	GlobalSection(ProjectConfigurationPlatforms) = postSolution
		{5DD34FD1-23FC-4EEB-8AFF-E9772F35ADE0}.Debug|Any CPU.ActiveCfg = Debug|Any CPU
		{5DD34FD1-23FC-4EEB-8AFF-E9772F35ADE0}.Debug|Any CPU.Build.0 = Debug|Any CPU
		{5DD34FD1-23FC-4EEB-8AFF-E9772F35ADE0}.Release|Any CPU.ActiveCfg = Release|Any CPU
		{5DD34FD1-23FC-4EEB-8AFF-E9772F35ADE0}.Release|Any CPU.Build.0 = Release|Any CPU
		{9D3D2AFA-1353-48C8-8FFF-C523123B79D8}.Debug|Any CPU.ActiveCfg = Debug|Any CPU
		{9D3D2AFA-1353-48C8-8FFF-C523123B79D8}.Debug|Any CPU.Build.0 = Debug|Any CPU
		{9D3D2AFA-1353-48C8-8FFF-C523123B79D8}.Release|Any CPU.ActiveCfg = Release|Any CPU
		{9D3D2AFA-1353-48C8-8FFF-C523123B79D8}.Release|Any CPU.Build.0 = Release|Any CPU
		{19E15792-3AAE-438F-8979-A6FC3981774E}.Debug|Any CPU.ActiveCfg = Debug|Any CPU
		{19E15792-3AAE-438F-8979-A6FC3981774E}.Debug|Any CPU.Build.0 = Debug|Any CPU
		{19E15792-3AAE-438F-8979-A6FC3981774E}.Release|Any CPU.ActiveCfg = Release|Any CPU
		{19E15792-3AAE-438F-8979-A6FC3981774E}.Release|Any CPU.Build.0 = Release|Any CPU
		{8688B7E2-946D-46BD-A378-E38BA0600801}.Debug|Any CPU.ActiveCfg = Debug|Any CPU
		{8688B7E2-946D-46BD-A378-E38BA0600801}.Debug|Any CPU.Build.0 = Debug|Any CPU
		{8688B7E2-946D-46BD-A378-E38BA0600801}.Release|Any CPU.ActiveCfg = Release|Any CPU
		{8688B7E2-946D-46BD-A378-E38BA0600801}.Release|Any CPU.Build.0 = Release|Any CPU
		{C983C200-ECDF-4D06-BEDC-46117959A1DF}.Debug|Any CPU.ActiveCfg = Debug|Any CPU
		{C983C200-ECDF-4D06-BEDC-46117959A1DF}.Debug|Any CPU.Build.0 = Debug|Any CPU
		{C983C200-ECDF-4D06-BEDC-46117959A1DF}.Release|Any CPU.ActiveCfg = Release|Any CPU
		{C983C200-ECDF-4D06-BEDC-46117959A1DF}.Release|Any CPU.Build.0 = Release|Any CPU
		{9F6A020A-BF60-4E2B-97CB-BA491690B222}.Debug|Any CPU.ActiveCfg = Debug|Any CPU
		{9F6A020A-BF60-4E2B-97CB-BA491690B222}.Debug|Any CPU.Build.0 = Debug|Any CPU
		{9F6A020A-BF60-4E2B-97CB-BA491690B222}.Release|Any CPU.ActiveCfg = Release|Any CPU
		{9F6A020A-BF60-4E2B-97CB-BA491690B222}.Release|Any CPU.Build.0 = Release|Any CPU
		{C8023EE2-7737-4206-8208-A220BE07F76F}.Debug|Any CPU.ActiveCfg = Debug|Any CPU
		{C8023EE2-7737-4206-8208-A220BE07F76F}.Debug|Any CPU.Build.0 = Debug|Any CPU
		{C8023EE2-7737-4206-8208-A220BE07F76F}.Release|Any CPU.ActiveCfg = Release|Any CPU
		{C8023EE2-7737-4206-8208-A220BE07F76F}.Release|Any CPU.Build.0 = Release|Any CPU
		{2D0ECC18-BF8C-4E42-82BD-F2B59F6FCB86}.Debug|Any CPU.ActiveCfg = Debug|Any CPU
		{2D0ECC18-BF8C-4E42-82BD-F2B59F6FCB86}.Debug|Any CPU.Build.0 = Debug|Any CPU
		{2D0ECC18-BF8C-4E42-82BD-F2B59F6FCB86}.Release|Any CPU.ActiveCfg = Release|Any CPU
		{2D0ECC18-BF8C-4E42-82BD-F2B59F6FCB86}.Release|Any CPU.Build.0 = Release|Any CPU
		{AE04FDD3-267F-4605-AA29-578131BCB6F1}.Debug|Any CPU.ActiveCfg = Debug|Any CPU
		{AE04FDD3-267F-4605-AA29-578131BCB6F1}.Debug|Any CPU.Build.0 = Debug|Any CPU
		{AE04FDD3-267F-4605-AA29-578131BCB6F1}.Release|Any CPU.ActiveCfg = Release|Any CPU
		{AE04FDD3-267F-4605-AA29-578131BCB6F1}.Release|Any CPU.Build.0 = Release|Any CPU
	EndGlobalSection
	GlobalSection(SolutionProperties) = preSolution
		HideSolutionNode = FALSE
	EndGlobalSection
	GlobalSection(ExtensibilityGlobals) = postSolution
		SolutionGuid = {24543006-9E77-4EE2-A523-4B97A1912790}
	EndGlobalSection
EndGlobal
